
Microsoft Visual Studio Solution File, Format Version 12.00
# Visual Studio Version 17
VisualStudioVersion = 17.4.33122.133
MinimumVisualStudioVersion = 10.0.40219.1
Project("{FAE04EC0-301F-11D3-BF4B-00C04F79EFBC}") = "Odev", "Odev\Odev.csproj", "{CD0E8391-E9A0-4C88-A592-EB37FEDE9460}"
EndProject
Project("{FAE04EC0-301F-11D3-BF4B-00C04F79EFBC}") = "Odevv", "Odevv\Odevv.csproj", "{A514638B-4B61-4325-8E44-7A71468B9BE3}"
EndProject
Global
	GlobalSection(SolutionConfigurationPlatforms) = preSolution
		Debug|Any CPU = Debug|Any CPU
		Release|Any CPU = Release|Any CPU
	EndGlobalSection
	GlobalSection(ProjectConfigurationPlatforms) = postSolution
		{CD0E8391-E9A0-4C88-A592-EB37FEDE9460}.Debug|Any CPU.ActiveCfg = Debug|Any CPU
		{CD0E8391-E9A0-4C88-A592-EB37FEDE9460}.Debug|Any CPU.Build.0 = Debug|Any CPU
		{CD0E8391-E9A0-4C88-A592-EB37FEDE9460}.Release|Any CPU.ActiveCfg = Release|Any CPU
		{CD0E8391-E9A0-4C88-A592-EB37FEDE9460}.Release|Any CPU.Build.0 = Release|Any CPU
		{A514638B-4B61-4325-8E44-7A71468B9BE3}.Debug|Any CPU.ActiveCfg = Debug|Any CPU
		{A514638B-4B61-4325-8E44-7A71468B9BE3}.Debug|Any CPU.Build.0 = Debug|Any CPU
		{A514638B-4B61-4325-8E44-7A71468B9BE3}.Release|Any CPU.ActiveCfg = Release|Any CPU
		{A514638B-4B61-4325-8E44-7A71468B9BE3}.Release|Any CPU.Build.0 = Release|Any CPU
	EndGlobalSection
	GlobalSection(SolutionProperties) = preSolution
		HideSolutionNode = FALSE
	EndGlobalSection
	GlobalSection(ExtensibilityGlobals) = postSolution
		SolutionGuid = {7B93861E-B42A-4426-A3B1-46882BB3CE0B}
	EndGlobalSection
EndGlobal
